
Microsoft Visual Studio Solution File, Format Version 12.00
# Visual Studio 15
VisualStudioVersion = 15.0.28307.539
MinimumVisualStudioVersion = 10.0.40219.1
Project("{FAE04EC0-301F-11D3-BF4B-00C04F79EFBC}") = "VMScheduler", "VMScheduler\VMScheduler.csproj", "{BC9B4A92-28F9-402D-8A23-01A421C5452B}"
EndProject
Global
	GlobalSection(SolutionConfigurationPlatforms) = preSolution
		Debug|Any CPU = Debug|Any CPU
		Release|Any CPU = Release|Any CPU
	EndGlobalSection
	GlobalSection(ProjectConfigurationPlatforms) = postSolution
		{BC9B4A92-28F9-402D-8A23-01A421C5452B}.Debug|Any CPU.ActiveCfg = Debug|Any CPU
		{BC9B4A92-28F9-402D-8A23-01A421C5452B}.Debug|Any CPU.Build.0 = Debug|Any CPU
		{BC9B4A92-28F9-402D-8A23-01A421C5452B}.Release|Any CPU.ActiveCfg = Release|Any CPU
		{BC9B4A92-28F9-402D-8A23-01A421C5452B}.Release|Any CPU.Build.0 = Release|Any CPU
	EndGlobalSection
	GlobalSection(SolutionProperties) = preSolution
		HideSolutionNode = FALSE
	EndGlobalSection
	GlobalSection(ExtensibilityGlobals) = postSolution
		SolutionGuid = {CD3C85EE-71F1-4FED-9069-7E55494399F2}
	EndGlobalSection
EndGlobal
