
Microsoft Visual Studio Solution File, Format Version 12.00
# Visual Studio 14
VisualStudioVersion = 14.0.25420.1
MinimumVisualStudioVersion = 10.0.40219.1
Project("{FAE04EC0-301F-11D3-BF4B-00C04F79EFBC}") = "SpiraInstaller", "Setup\SpiraInstaller.csproj", "{672C85F5-5498-43A8-BE0D-5E38036C6F2B}"
EndProject
Project("{FAE04EC0-301F-11D3-BF4B-00C04F79EFBC}") = "DatabasePatcher", "Cloud\DatabasePatcher\DatabasePatcher.csproj", "{DCFF5FC3-88BB-4271-B84E-0E930359E89D}"
EndProject
Global
	GlobalSection(SolutionConfigurationPlatforms) = preSolution
		Debug|Any CPU = Debug|Any CPU
		Debug|x86 = Debug|x86
		Release|Any CPU = Release|Any CPU
		Release|x86 = Release|x86
	EndGlobalSection
	GlobalSection(ProjectConfigurationPlatforms) = postSolution
		{672C85F5-5498-43A8-BE0D-5E38036C6F2B}.Debug|Any CPU.ActiveCfg = Debug|Any CPU
		{672C85F5-5498-43A8-BE0D-5E38036C6F2B}.Debug|Any CPU.Build.0 = Debug|Any CPU
		{672C85F5-5498-43A8-BE0D-5E38036C6F2B}.Debug|x86.ActiveCfg = Debug|x86
		{672C85F5-5498-43A8-BE0D-5E38036C6F2B}.Debug|x86.Build.0 = Debug|x86
		{672C85F5-5498-43A8-BE0D-5E38036C6F2B}.Release|Any CPU.ActiveCfg = Release|Any CPU
		{672C85F5-5498-43A8-BE0D-5E38036C6F2B}.Release|Any CPU.Build.0 = Release|Any CPU
		{672C85F5-5498-43A8-BE0D-5E38036C6F2B}.Release|x86.ActiveCfg = Release|x86
		{672C85F5-5498-43A8-BE0D-5E38036C6F2B}.Release|x86.Build.0 = Release|x86
		{DCFF5FC3-88BB-4271-B84E-0E930359E89D}.Debug|Any CPU.ActiveCfg = Debug|x86
		{DCFF5FC3-88BB-4271-B84E-0E930359E89D}.Debug|x86.ActiveCfg = Debug|x86
		{DCFF5FC3-88BB-4271-B84E-0E930359E89D}.Debug|x86.Build.0 = Debug|x86
		{DCFF5FC3-88BB-4271-B84E-0E930359E89D}.Release|Any CPU.ActiveCfg = Release|Any CPU
		{DCFF5FC3-88BB-4271-B84E-0E930359E89D}.Release|Any CPU.Build.0 = Release|Any CPU
		{DCFF5FC3-88BB-4271-B84E-0E930359E89D}.Release|x86.ActiveCfg = Release|x86
		{DCFF5FC3-88BB-4271-B84E-0E930359E89D}.Release|x86.Build.0 = Release|x86
	EndGlobalSection
	GlobalSection(SolutionProperties) = preSolution
		HideSolutionNode = FALSE
	EndGlobalSection
	GlobalSection(ExtensibilityGlobals) = postSolution
		SolutionGuid = {16D003AE-72FD-4C98-AA81-8A49714FE1B0}
	EndGlobalSection
	GlobalSection(SpiraExplorerSolutionProperties) = preSolution
		spiraUrl = https://spira.inflectra.com/
		spiraProjectId = 6
	EndGlobalSection
EndGlobal
